<?xml version="1.0" encoding="utf-8"?>
<Project ToolsVersion="4.0" xmlns="http://schemas.microsoft.com/developer/msbuild/2003">
  <ItemGroup>
    <Filter Include="소스 파일">
      <UniqueIdentifier>{4FC737F1-C7A5-4376-A066-2A32D752A2FF}</UniqueIdentifier>
      <Extensions>cpp;c;cc;cxx;c++;cppm;ixx;def;odl;idl;hpj;bat;asm;asmx</Extensions>
    </Filter>
    <Filter Include="헤더 파일">
      <UniqueIdentifier>{93995380-89BD-4b04-88EB-625FBE52EBFB}</UniqueIdentifier>
      <Extensions>h;hh;hpp;hxx;h++;hm;inl;inc;ipp;xsd</Extensions>
    </Filter>
    <Filter Include="리소스 파일">
      <UniqueIdentifier>{67DA6AB6-F800-4c08-8B7A-83BB121AAD01}</UniqueIdentifier>
      <Extensions>rc;ico;cur;bmp;dlg;rc2;rct;bin;rgs;gif;jpg;jpeg;jpe;resx;tiff;tif;png;wav;mfcribbon-ms</Extensions>
    </Filter>
  </ItemGroup>
  <ItemGroup>
    <ClCompile Include="data type.cpp">
      <Filter>소스 파일</Filter>
    </ClCompile>
    <ClCompile Include="operation and logic.cpp">
      <Filter>소스 파일</Filter>
    </ClCompile>
    <ClCompile Include="increment_decrement and printf.cpp">
      <Filter>소스 파일</Filter>
    </ClCompile>
    <ClCompile Include="star question3.cpp">
      <Filter>소스 파일</Filter>
    </ClCompile>
    <ClCompile Include="while.cpp">
      <Filter>소스 파일</Filter>
    </ClCompile>
    <ClCompile Include="for.cpp">
      <Filter>소스 파일</Filter>
    </ClCompile>
    <ClCompile Include="if1.cpp">
      <Filter>소스 파일</Filter>
    </ClCompile>
    <ClCompile Include="continue_break and else if.cpp">
      <Filter>소스 파일</Filter>
    </ClCompile>
    <ClCompile Include="star question1.cpp">
      <Filter>소스 파일</Filter>
    </ClCompile>
    <ClCompile Include="if2.cpp">
      <Filter>소스 파일</Filter>
    </ClCompile>
    <ClCompile Include="goto and switch.cpp">
      <Filter>소스 파일</Filter>
    </ClCompile>
    <ClCompile Include="time_tables and while.cpp">
      <Filter>소스 파일</Filter>
    </ClCompile>
    <ClCompile Include="star question2.cpp">
      <Filter>소스 파일</Filter>
    </ClCompile>
    <ClCompile Include="calculate question.cpp">
      <Filter>소스 파일</Filter>
    </ClCompile>
    <ClCompile Include="topcit1.cpp">
      <Filter>소스 파일</Filter>
    </ClCompile>
    <ClCompile Include="function1.cpp">
      <Filter>소스 파일</Filter>
    </ClCompile>
    <ClCompile Include="school_test1.cpp">
      <Filter>소스 파일</Filter>
    </ClCompile>
    <ClCompile Include="use arrangement.cpp">
      <Filter>소스 파일</Filter>
    </ClCompile>
    <ClCompile Include="topcit2.cpp">
      <Filter>소스 파일</Filter>
    </ClCompile>
    <ClCompile Include="function2.cpp">
      <Filter>소스 파일</Filter>
    </ClCompile>
    <ClCompile Include="star question4.cpp">
      <Filter>소스 파일</Filter>
    </ClCompile>
    <ClCompile Include="school_test2.cpp">
      <Filter>소스 파일</Filter>
    </ClCompile>
  </ItemGroup>
</Project>